// !$*UTF8*$!
{
	archiveVersion = 1;
	classes = {
	};
	objectVersion = 56;
	objects = {

/* Begin PBXBuildFile section */
		9EBD4BAB2B78187A00E2DD63 /* AppDelegate.swift in Sources */ = {isa = PBXBuildFile; fileRef = 9EBD4BAA2B78187A00E2DD63 /* AppDelegate.swift */; };
		9EBD4BAD2B78187A00E2DD63 /* SceneDelegate.swift in Sources */ = {isa = PBXBuildFile; fileRef = 9EBD4BAC2B78187A00E2DD63 /* SceneDelegate.swift */; };
		9EBD4BB42B78188700E2DD63 /* Assets.xcassets in Resources */ = {isa = PBXBuildFile; fileRef = 9EBD4BB32B78188700E2DD63 /* Assets.xcassets */; };
		9EBD4BC32B7820E000E2DD63 /* TabBarController.swift in Sources */ = {isa = PBXBuildFile; fileRef = 9EBD4BC22B7820E000E2DD63 /* TabBarController.swift */; };
		9EBD4BC72B78324600E2DD63 /* ProfileViewController.swift in Sources */ = {isa = PBXBuildFile; fileRef = 9EBD4BC62B78324600E2DD63 /* ProfileViewController.swift */; };
		9EBD4BC92B78328E00E2DD63 /* PhotoViewController.swift in Sources */ = {isa = PBXBuildFile; fileRef = 9EBD4BC82B78328E00E2DD63 /* PhotoViewController.swift */; };
		9EBD4BCB2B78329D00E2DD63 /* SettingsViewController.swift in Sources */ = {isa = PBXBuildFile; fileRef = 9EBD4BCA2B78329D00E2DD63 /* SettingsViewController.swift */; };
		9EBD4BCF2B7846CF00E2DD63 /* Photo2ViewController.swift in Sources */ = {isa = PBXBuildFile; fileRef = 9EBD4BCE2B7846CF00E2DD63 /* Photo2ViewController.swift */; };
		9EBD4BD12B78477100E2DD63 /* Settings2ViewController.swift in Sources */ = {isa = PBXBuildFile; fileRef = 9EBD4BD02B78477100E2DD63 /* Settings2ViewController.swift */; };
		9EBD4BD32B78478200E2DD63 /* Settings3ViewController.swift in Sources */ = {isa = PBXBuildFile; fileRef = 9EBD4BD22B78478200E2DD63 /* Settings3ViewController.swift */; };
		9EBD4BD72B78DD9A00E2DD63 /* AlertMessage.swift in Sources */ = {isa = PBXBuildFile; fileRef = 9EBD4BD62B78DD9A00E2DD63 /* AlertMessage.swift */; };
		9EBD4BDD2B791C2600E2DD63 /* ConstraintsButton.swift in Sources */ = {isa = PBXBuildFile; fileRef = 9EBD4BDC2B791C2600E2DD63 /* ConstraintsButton.swift */; };
/* End PBXBuildFile section */

/* Begin PBXFileReference section */
		9EBD4BA72B78187A00E2DD63 /* m13.8.2.app */ = {isa = PBXFileReference; explicitFileType = wrapper.application; includeInIndex = 0; path = m13.8.2.app; sourceTree = BUILT_PRODUCTS_DIR; };
		9EBD4BAA2B78187A00E2DD63 /* AppDelegate.swift */ = {isa = PBXFileReference; lastKnownFileType = sourcecode.swift; path = AppDelegate.swift; sourceTree = "<group>"; };
		9EBD4BAC2B78187A00E2DD63 /* SceneDelegate.swift */ = {isa = PBXFileReference; lastKnownFileType = sourcecode.swift; path = SceneDelegate.swift; sourceTree = "<group>"; };
		9EBD4BB32B78188700E2DD63 /* Assets.xcassets */ = {isa = PBXFileReference; lastKnownFileType = folder.assetcatalog; path = Assets.xcassets; sourceTree = "<group>"; };
		9EBD4BB82B78188700E2DD63 /* Info.plist */ = {isa = PBXFileReference; lastKnownFileType = text.plist.xml; path = Info.plist; sourceTree = "<group>"; };
		9EBD4BC22B7820E000E2DD63 /* TabBarController.swift */ = {isa = PBXFileReference; lastKnownFileType = sourcecode.swift; path = TabBarController.swift; sourceTree = "<group>"; };
		9EBD4BC62B78324600E2DD63 /* ProfileViewController.swift */ = {isa = PBXFileReference; lastKnownFileType = sourcecode.swift; path = ProfileViewController.swift; sourceTree = "<group>"; };
		9EBD4BC82B78328E00E2DD63 /* PhotoViewController.swift */ = {isa = PBXFileReference; lastKnownFileType = sourcecode.swift; path = PhotoViewController.swift; sourceTree = "<group>"; };
		9EBD4BCA2B78329D00E2DD63 /* SettingsViewController.swift */ = {isa = PBXFileReference; lastKnownFileType = sourcecode.swift; path = SettingsViewController.swift; sourceTree = "<group>"; };
		9EBD4BCE2B7846CF00E2DD63 /* Photo2ViewController.swift */ = {isa = PBXFileReference; lastKnownFileType = sourcecode.swift; path = Photo2ViewController.swift; sourceTree = "<group>"; };
		9EBD4BD02B78477100E2DD63 /* Settings2ViewController.swift */ = {isa = PBXFileReference; lastKnownFileType = sourcecode.swift; path = Settings2ViewController.swift; sourceTree = "<group>"; };
		9EBD4BD22B78478200E2DD63 /* Settings3ViewController.swift */ = {isa = PBXFileReference; lastKnownFileType = sourcecode.swift; path = Settings3ViewController.swift; sourceTree = "<group>"; };
		9EBD4BD62B78DD9A00E2DD63 /* AlertMessage.swift */ = {isa = PBXFileReference; lastKnownFileType = sourcecode.swift; path = AlertMessage.swift; sourceTree = "<group>"; };
		9EBD4BDC2B791C2600E2DD63 /* ConstraintsButton.swift */ = {isa = PBXFileReference; lastKnownFileType = sourcecode.swift; path = ConstraintsButton.swift; sourceTree = "<group>"; };
/* End PBXFileReference section */

/* Begin PBXFrameworksBuildPhase section */
		9EBD4BA42B78187A00E2DD63 /* Frameworks */ = {
			isa = PBXFrameworksBuildPhase;
			buildActionMask = 2147483647;
			files = (
			);
			runOnlyForDeploymentPostprocessing = 0;
		};
/* End PBXFrameworksBuildPhase section */

/* Begin PBXGroup section */
		9EBD4B9E2B78187A00E2DD63 = {
			isa = PBXGroup;
			children = (
				9EBD4BA92B78187A00E2DD63 /* m13.8.2 */,
				9EBD4BA82B78187A00E2DD63 /* Products */,
			);
			sourceTree = "<group>";
		};
		9EBD4BA82B78187A00E2DD63 /* Products */ = {
			isa = PBXGroup;
			children = (
				9EBD4BA72B78187A00E2DD63 /* m13.8.2.app */,
			);
			name = Products;
			sourceTree = "<group>";
		};
		9EBD4BA92B78187A00E2DD63 /* m13.8.2 */ = {
			isa = PBXGroup;
			children = (
				9EBD4BDA2B791AF100E2DD63 /* Resources */,
				9EBD4BD92B791AD400E2DD63 /* Application */,
				9EBD4BD82B791A7300E2DD63 /* Controllers */,
			);
			path = m13.8.2;
			sourceTree = "<group>";
		};
		9EBD4BD82B791A7300E2DD63 /* Controllers */ = {
			isa = PBXGroup;
			children = (
				9EBD4BDB2B791BC700E2DD63 /* Controllers settings */,
				9EBD4BC22B7820E000E2DD63 /* TabBarController.swift */,
				9EBD4BC62B78324600E2DD63 /* ProfileViewController.swift */,
				9EBD4BC82B78328E00E2DD63 /* PhotoViewController.swift */,
				9EBD4BCE2B7846CF00E2DD63 /* Photo2ViewController.swift */,
				9EBD4BCA2B78329D00E2DD63 /* SettingsViewController.swift */,
				9EBD4BD02B78477100E2DD63 /* Settings2ViewController.swift */,
				9EBD4BD22B78478200E2DD63 /* Settings3ViewController.swift */,
			);
			path = Controllers;
			sourceTree = "<group>";
		};
		9EBD4BD92B791AD400E2DD63 /* Application */ = {
			isa = PBXGroup;
			children = (
				9EBD4BAA2B78187A00E2DD63 /* AppDelegate.swift */,
				9EBD4BAC2B78187A00E2DD63 /* SceneDelegate.swift */,
			);
			path = Application;
			sourceTree = "<group>";
		};
		9EBD4BDA2B791AF100E2DD63 /* Resources */ = {
			isa = PBXGroup;
			children = (
				9EBD4BB32B78188700E2DD63 /* Assets.xcassets */,
				9EBD4BB82B78188700E2DD63 /* Info.plist */,
			);
			path = Resources;
			sourceTree = "<group>";
		};
		9EBD4BDB2B791BC700E2DD63 /* Controllers settings */ = {
			isa = PBXGroup;
			children = (
				9EBD4BD62B78DD9A00E2DD63 /* AlertMessage.swift */,
				9EBD4BDC2B791C2600E2DD63 /* ConstraintsButton.swift */,
			);
			path = "Controllers settings";
			sourceTree = "<group>";
		};
/* End PBXGroup section */

/* Begin PBXNativeTarget section */
		9EBD4BA62B78187A00E2DD63 /* m13.8.2 */ = {
			isa = PBXNativeTarget;
			buildConfigurationList = 9EBD4BBB2B78188700E2DD63 /* Build configuration list for PBXNativeTarget "m13.8.2" */;
			buildPhases = (
				9EBD4BA32B78187A00E2DD63 /* Sources */,
				9EBD4BA42B78187A00E2DD63 /* Frameworks */,
				9EBD4BA52B78187A00E2DD63 /* Resources */,
			);
			buildRules = (
			);
			dependencies = (
			);
			name = m13.8.2;
			productName = m13.8.2;
			productReference = 9EBD4BA72B78187A00E2DD63 /* m13.8.2.app */;
			productType = "com.apple.product-type.application";
		};
/* End PBXNativeTarget section */

/* Begin PBXProject section */
		9EBD4B9F2B78187A00E2DD63 /* Project object */ = {
			isa = PBXProject;
			attributes = {
				BuildIndependentTargetsInParallel = 1;
				LastSwiftUpdateCheck = 1500;
				LastUpgradeCheck = 1500;
				TargetAttributes = {
					9EBD4BA62B78187A00E2DD63 = {
						CreatedOnToolsVersion = 15.0.1;
					};
				};
			};
			buildConfigurationList = 9EBD4BA22B78187A00E2DD63 /* Build configuration list for PBXProject "m13.8.2" */;
			compatibilityVersion = "Xcode 14.0";
			developmentRegion = en;
			hasScannedForEncodings = 0;
			knownRegions = (
				en,
				Base,
			);
			mainGroup = 9EBD4B9E2B78187A00E2DD63;
			productRefGroup = 9EBD4BA82B78187A00E2DD63 /* Products */;
			projectDirPath = "";
			projectRoot = "";
			targets = (
				9EBD4BA62B78187A00E2DD63 /* m13.8.2 */,
			);
		};
/* End PBXProject section */

/* Begin PBXResourcesBuildPhase section */
		9EBD4BA52B78187A00E2DD63 /* Resources */ = {
			isa = PBXResourcesBuildPhase;
			buildActionMask = 2147483647;
			files = (
				9EBD4BB42B78188700E2DD63 /* Assets.xcassets in Resources */,
			);
			runOnlyForDeploymentPostprocessing = 0;
		};
/* End PBXResourcesBuildPhase section */

/* Begin PBXSourcesBuildPhase section */
		9EBD4BA32B78187A00E2DD63 /* Sources */ = {
			isa = PBXSourcesBuildPhase;
			buildActionMask = 2147483647;
			files = (
				9EBD4BD32B78478200E2DD63 /* Settings3ViewController.swift in Sources */,
				9EBD4BAB2B78187A00E2DD63 /* AppDelegate.swift in Sources */,
				9EBD4BDD2B791C2600E2DD63 /* ConstraintsButton.swift in Sources */,
				9EBD4BC32B7820E000E2DD63 /* TabBarController.swift in Sources */,
				9EBD4BD72B78DD9A00E2DD63 /* AlertMessage.swift in Sources */,
				9EBD4BD12B78477100E2DD63 /* Settings2ViewController.swift in Sources */,
				9EBD4BCF2B7846CF00E2DD63 /* Photo2ViewController.swift in Sources */,
				9EBD4BC72B78324600E2DD63 /* ProfileViewController.swift in Sources */,
				9EBD4BAD2B78187A00E2DD63 /* SceneDelegate.swift in Sources */,
				9EBD4BC92B78328E00E2DD63 /* PhotoViewController.swift in Sources */,
				9EBD4BCB2B78329D00E2DD63 /* SettingsViewController.swift in Sources */,
			);
			runOnlyForDeploymentPostprocessing = 0;
		};
/* End PBXSourcesBuildPhase section */

/* Begin XCBuildConfiguration section */
		9EBD4BB92B78188700E2DD63 /* Debug */ = {
			isa = XCBuildConfiguration;
			buildSettings = {
				ALWAYS_SEARCH_USER_PATHS = NO;
				ASSETCATALOG_COMPILER_GENERATE_SWIFT_ASSET_SYMBOL_EXTENSIONS = YES;
				CLANG_ANALYZER_NONNULL = YES;
				CLANG_ANALYZER_NUMBER_OBJECT_CONVERSION = YES_AGGRESSIVE;
				CLANG_CXX_LANGUAGE_STANDARD = "gnu++20";
				CLANG_ENABLE_MODULES = YES;
				CLANG_ENABLE_OBJC_ARC = YES;
				CLANG_ENABLE_OBJC_WEAK = YES;
				CLANG_WARN_BLOCK_CAPTURE_AUTORELEASING = YES;
				CLANG_WARN_BOOL_CONVERSION = YES;
				CLANG_WARN_COMMA = YES;
				CLANG_WARN_CONSTANT_CONVERSION = YES;
				CLANG_WARN_DEPRECATED_OBJC_IMPLEMENTATIONS = YES;
				CLANG_WARN_DIRECT_OBJC_ISA_USAGE = YES_ERROR;
				CLANG_WARN_DOCUMENTATION_COMMENTS = YES;
				CLANG_WARN_EMPTY_BODY = YES;
				CLANG_WARN_ENUM_CONVERSION = YES;
				CLANG_WARN_INFINITE_RECURSION = YES;
				CLANG_WARN_INT_CONVERSION = YES;
				CLANG_WARN_NON_LITERAL_NULL_CONVERSION = YES;
				CLANG_WARN_OBJC_IMPLICIT_RETAIN_SELF = YES;
				CLANG_WARN_OBJC_LITERAL_CONVERSION = YES;
				CLANG_WARN_OBJC_ROOT_CLASS = YES_ERROR;
				CLANG_WARN_QUOTED_INCLUDE_IN_FRAMEWORK_HEADER = YES;
				CLANG_WARN_RANGE_LOOP_ANALYSIS = YES;
				CLANG_WARN_STRICT_PROTOTYPES = YES;
				CLANG_WARN_SUSPICIOUS_MOVE = YES;
				CLANG_WARN_UNGUARDED_AVAILABILITY = YES_AGGRESSIVE;
				CLANG_WARN_UNREACHABLE_CODE = YES;
				CLANG_WARN__DUPLICATE_METHOD_MATCH = YES;
				COPY_PHASE_STRIP = NO;
				DEBUG_INFORMATION_FORMAT = dwarf;
				ENABLE_STRICT_OBJC_MSGSEND = YES;
				ENABLE_TESTABILITY = YES;
				ENABLE_USER_SCRIPT_SANDBOXING = YES;
				GCC_C_LANGUAGE_STANDARD = gnu17;
				GCC_DYNAMIC_NO_PIC = NO;
				GCC_NO_COMMON_BLOCKS = YES;
				GCC_OPTIMIZATION_LEVEL = 0;
				GCC_PREPROCESSOR_DEFINITIONS = (
					"DEBUG=1",
					"$(inherited)",
				);
				GCC_WARN_64_TO_32_BIT_CONVERSION = YES;
				GCC_WARN_ABOUT_RETURN_TYPE = YES_ERROR;
				GCC_WARN_UNDECLARED_SELECTOR = YES;
				GCC_WARN_UNINITIALIZED_AUTOS = YES_AGGRESSIVE;
				GCC_WARN_UNUSED_FUNCTION = YES;
				GCC_WARN_UNUSED_VARIABLE = YES;
				IPHONEOS_DEPLOYMENT_TARGET = 17.0;
				LOCALIZATION_PREFERS_STRING_CATALOGS = YES;
				MTL_ENABLE_DEBUG_INFO = INCLUDE_SOURCE;
				MTL_FAST_MATH = YES;
				ONLY_ACTIVE_ARCH = YES;
				SDKROOT = iphoneos;
				SWIFT_ACTIVE_COMPILATION_CONDITIONS = "DEBUG $(inherited)";
				SWIFT_OPTIMIZATION_LEVEL = "-Onone";
			};
			name = Debug;
		};
		9EBD4BBA2B78188700E2DD63 /* Release */ = {
			isa = XCBuildConfiguration;
			buildSettings = {
				ALWAYS_SEARCH_USER_PATHS = NO;
				ASSETCATALOG_COMPILER_GENERATE_SWIFT_ASSET_SYMBOL_EXTENSIONS = YES;
				CLANG_ANALYZER_NONNULL = YES;
				CLANG_ANALYZER_NUMBER_OBJECT_CONVERSION = YES_AGGRESSIVE;
				CLANG_CXX_LANGUAGE_STANDARD = "gnu++20";
				CLANG_ENABLE_MODULES = YES;
				CLANG_ENABLE_OBJC_ARC = YES;
				CLANG_ENABLE_OBJC_WEAK = YES;
				CLANG_WARN_BLOCK_CAPTURE_AUTORELEASING = YES;
				CLANG_WARN_BOOL_CONVERSION = YES;
				CLANG_WARN_COMMA = YES;
				CLANG_WARN_CONSTANT_CONVERSION = YES;
				CLANG_WARN_DEPRECATED_OBJC_IMPLEMENTATIONS = YES;
				CLANG_WARN_DIRECT_OBJC_ISA_USAGE = YES_ERROR;
				CLANG_WARN_DOCUMENTATION_COMMENTS = YES;
				CLANG_WARN_EMPTY_BODY = YES;
				CLANG_WARN_ENUM_CONVERSION = YES;
				CLANG_WARN_INFINITE_RECURSION = YES;
				CLANG_WARN_INT_CONVERSION = YES;
				CLANG_WARN_NON_LITERAL_NULL_CONVERSION = YES;
				CLANG_WARN_OBJC_IMPLICIT_RETAIN_SELF = YES;
				CLANG_WARN_OBJC_LITERAL_CONVERSION = YES;
				CLANG_WARN_OBJC_ROOT_CLASS = YES_ERROR;
				CLANG_WARN_QUOTED_INCLUDE_IN_FRAMEWORK_HEADER = YES;
				CLANG_WARN_RANGE_LOOP_ANALYSIS = YES;
				CLANG_WARN_STRICT_PROTOTYPES = YES;
				CLANG_WARN_SUSPICIOUS_MOVE = YES;
				CLANG_WARN_UNGUARDED_AVAILABILITY = YES_AGGRESSIVE;
				CLANG_WARN_UNREACHABLE_CODE = YES;
				CLANG_WARN__DUPLICATE_METHOD_MATCH = YES;
				COPY_PHASE_STRIP = NO;
				DEBUG_INFORMATION_FORMAT = "dwarf-with-dsym";
				ENABLE_NS_ASSERTIONS = NO;
				ENABLE_STRICT_OBJC_MSGSEND = YES;
				ENABLE_USER_SCRIPT_SANDBOXING = YES;
				GCC_C_LANGUAGE_STANDARD = gnu17;
				GCC_NO_COMMON_BLOCKS = YES;
				GCC_WARN_64_TO_32_BIT_CONVERSION = YES;
				GCC_WARN_ABOUT_RETURN_TYPE = YES_ERROR;
				GCC_WARN_UNDECLARED_SELECTOR = YES;
				GCC_WARN_UNINITIALIZED_AUTOS = YES_AGGRESSIVE;
				GCC_WARN_UNUSED_FUNCTION = YES;
				GCC_WARN_UNUSED_VARIABLE = YES;
				IPHONEOS_DEPLOYMENT_TARGET = 17.0;
				LOCALIZATION_PREFERS_STRING_CATALOGS = YES;
				MTL_ENABLE_DEBUG_INFO = NO;
				MTL_FAST_MATH = YES;
				SDKROOT = iphoneos;
				SWIFT_COMPILATION_MODE = wholemodule;
				VALIDATE_PRODUCT = YES;
			};
			name = Release;
		};
		9EBD4BBC2B78188700E2DD63 /* Debug */ = {
			isa = XCBuildConfiguration;
			buildSettings = {
				ASSETCATALOG_COMPILER_APPICON_NAME = AppIcon;
				ASSETCATALOG_COMPILER_GLOBAL_ACCENT_COLOR_NAME = AccentColor;
				CODE_SIGN_STYLE = Automatic;
				CURRENT_PROJECT_VERSION = 1;
				GENERATE_INFOPLIST_FILE = YES;
				INFOPLIST_FILE = m13.8.2/Resources/Info.plist;
				INFOPLIST_KEY_UIApplicationSupportsIndirectInputEvents = YES;
				INFOPLIST_KEY_UILaunchStoryboardName = LaunchScreen;
				INFOPLIST_KEY_UIMainStoryboardFile = "";
				INFOPLIST_KEY_UISupportedInterfaceOrientations_iPad = "UIInterfaceOrientationPortrait UIInterfaceOrientationPortraitUpsideDown UIInterfaceOrientationLandscapeLeft UIInterfaceOrientationLandscapeRight";
				INFOPLIST_KEY_UISupportedInterfaceOrientations_iPhone = "UIInterfaceOrientationPortrait UIInterfaceOrientationLandscapeLeft UIInterfaceOrientationLandscapeRight";
				LD_RUNPATH_SEARCH_PATHS = (
					"$(inherited)",
					"@executable_path/Frameworks",
				);
				MARKETING_VERSION = 1.0;
				PRODUCT_BUNDLE_IDENTIFIER = "Skillbox.m13-8-2";
				PRODUCT_NAME = "$(TARGET_NAME)";
				SWIFT_EMIT_LOC_STRINGS = YES;
				SWIFT_VERSION = 5.0;
				TARGETED_DEVICE_FAMILY = "1,2";
			};
			name = Debug;
		};
		9EBD4BBD2B78188700E2DD63 /* Release */ = {
			isa = XCBuildConfiguration;
			buildSettings = {
				ASSETCATALOG_COMPILER_APPICON_NAME = AppIcon;
				ASSETCATALOG_COMPILER_GLOBAL_ACCENT_COLOR_NAME = AccentColor;
				CODE_SIGN_STYLE = Automatic;
				CURRENT_PROJECT_VERSION = 1;
				GENERATE_INFOPLIST_FILE = YES;
				INFOPLIST_FILE = m13.8.2/Resources/Info.plist;
				INFOPLIST_KEY_UIApplicationSupportsIndirectInputEvents = YES;
				INFOPLIST_KEY_UILaunchStoryboardName = LaunchScreen;
				INFOPLIST_KEY_UIMainStoryboardFile = "";
				INFOPLIST_KEY_UISupportedInterfaceOrientations_iPad = "UIInterfaceOrientationPortrait UIInterfaceOrientationPortraitUpsideDown UIInterfaceOrientationLandscapeLeft UIInterfaceOrientationLandscapeRight";
				INFOPLIST_KEY_UISupportedInterfaceOrientations_iPhone = "UIInterfaceOrientationPortrait UIInterfaceOrientationLandscapeLeft UIInterfaceOrientationLandscapeRight";
				LD_RUNPATH_SEARCH_PATHS = (
					"$(inherited)",
					"@executable_path/Frameworks",
				);
				MARKETING_VERSION = 1.0;
				PRODUCT_BUNDLE_IDENTIFIER = "Skillbox.m13-8-2";
				PRODUCT_NAME = "$(TARGET_NAME)";
				SWIFT_EMIT_LOC_STRINGS = YES;
				SWIFT_VERSION = 5.0;
				TARGETED_DEVICE_FAMILY = "1,2";
			};
			name = Release;
		};
/* End XCBuildConfiguration section */

/* Begin XCConfigurationList section */
		9EBD4BA22B78187A00E2DD63 /* Build configuration list for PBXProject "m13.8.2" */ = {
			isa = XCConfigurationList;
			buildConfigurations = (
				9EBD4BB92B78188700E2DD63 /* Debug */,
				9EBD4BBA2B78188700E2DD63 /* Release */,
			);
			defaultConfigurationIsVisible = 0;
			defaultConfigurationName = Release;
		};
		9EBD4BBB2B78188700E2DD63 /* Build configuration list for PBXNativeTarget "m13.8.2" */ = {
			isa = XCConfigurationList;
			buildConfigurations = (
				9EBD4BBC2B78188700E2DD63 /* Debug */,
				9EBD4BBD2B78188700E2DD63 /* Release */,
			);
			defaultConfigurationIsVisible = 0;
			defaultConfigurationName = Release;
		};
/* End XCConfigurationList section */
	};
	rootObject = 9EBD4B9F2B78187A00E2DD63 /* Project object */;
}
